GEM
  remote: https://rubygems.org/
  specs:
    chunky_png (1.4.0)
    drb (2.2.3)
    minitest (6.0.4)
      drb (~> 2.0)
      prism (~> 1.5)
    prism (1.9.0)
    rake (13.4.2)
    rqrcode (3.2.0)
      chunky_png (~> 1.0)
      rqrcode_core (~> 2.0)
    rqrcode_core (2.1.0)
    thor (1.5.0)
    webrick (1.9.2)

PLATFORMS
  arm64-darwin-25
  ruby

DEPENDENCIES
  minitest
  rake
  rqrcode
  thor
  webrick

CHECKSUMS
  chunky_png (1.4.0) sha256=89d5b31b55c0cf4da3cf89a2b4ebc3178d8abe8cbaf116a1dba95668502fdcfe
  drb (2.2.3) sha256=0b00d6fdb50995fe4a45dea13663493c841112e4068656854646f418fda13373
  minitest (6.0.4) sha256=df1304664589d40f46089247fdc451f866b0ce0d7cae1457a15fc1eb7d48dca1
  prism (1.9.0) sha256=7b530c6a9f92c24300014919c9dcbc055bf4cdf51ec30aed099b06cd6674ef85
  rake (13.4.2) sha256=cb825b2bd5f1f8e91ca37bddb4b9aaf345551b4731da62949be002fa89283701
  rqrcode (3.2.0) sha256=64c1494ca6bb67d731330f38b50e3fd09eeab4f5dcd04b608e21218d1d0b9542
  rqrcode_core (2.1.0) sha256=f303b85df89c1b8fc5ee8dc19808c9dc4330e6329b660d99d4a8cbb36ca13051
  thor (1.5.0) sha256=e3a9e55fe857e44859ce104a84675ab6e8cd59c650a49106a05f55f136425e73
  webrick (1.9.2) sha256=beb4a15fc474defed24a3bda4ffd88a490d517c9e4e6118c3edce59e45864131

BUNDLED WITH
  4.0.8
